// !$*UTF8*$!
{
	archiveVersion = 1;
	classes = {
	};
	objectVersion = 46;
	objects = {

/* Begin PBXAggregateTarget section */
		3F820EA42B104332AEA00D87 /* ZERO_CHECK */ = {
			isa = PBXAggregateTarget;
			buildConfigurationList = 3046AB121AA94EA890A9B4BF /* Build configuration list for PBXAggregateTarget "ZERO_CHECK" */;
			buildPhases = (
				2C0695AE373990BB2A6BC775 /* Generate CMakeFiles/ZERO_CHECK */,
			);
			dependencies = (
			);
			name = ZERO_CHECK;
			productName = ZERO_CHECK;
		};
		B102B7662C264E409BE20636 /* ALL_BUILD */ = {
			isa = PBXAggregateTarget;
			buildConfigurationList = 0C093C3E19974CB1B429CD73 /* Build configuration list for PBXAggregateTarget "ALL_BUILD" */;
			buildPhases = (
				C7698E02D83F6525DC5EDB98 /* Generate CMakeFiles/ALL_BUILD */,
			);
			dependencies = (
				2F5B9D80F321457E827C9369 /* PBXTargetDependency */,
				AF6860216B3B49578EB38676 /* PBXTargetDependency */,
			);
			name = ALL_BUILD;
			productName = ALL_BUILD;
		};
/* End PBXAggregateTarget section */

/* Begin PBXBuildFile section */
		3FE2603EA7B5414D833E9CA3 /* /Users/margaret/Desktop/student homework/Task5/Task5/main.cpp */ = {isa = PBXBuildFile; fileRef = 74AE9C6606CB4D83898DBC45 /* /Users/margaret/Desktop/student homework/Task5/Task5/main.cpp */; };
		C28333B2C6D744188E2EE532 /* /Users/margaret/Desktop/student homework/Task5/Task5/CMakeLists.txt */ = {isa = PBXBuildFile; fileRef = 57CBA5C4BBFC464F83D3DD27 /* /Users/margaret/Desktop/student homework/Task5/Task5/CMakeLists.txt */; };
/* End PBXBuildFile section */

/* Begin PBXBuildStyle section */
		721158CA555E45CDBF822336 /* Release */ = {
			isa = PBXBuildStyle;
			buildSettings = {
				COPY_PHASE_STRIP = NO;
			};
			name = Release;
		};
		9FBD6833FEA64C879CFABE3C /* Debug */ = {
			isa = PBXBuildStyle;
			buildSettings = {
				COPY_PHASE_STRIP = NO;
			};
			name = Debug;
		};
		A31F816202F443C3982FE84F /* RelWithDebInfo */ = {
			isa = PBXBuildStyle;
			buildSettings = {
				COPY_PHASE_STRIP = NO;
			};
			name = RelWithDebInfo;
		};
		F4752B04A7144E6F893D3FA4 /* MinSizeRel */ = {
			isa = PBXBuildStyle;
			buildSettings = {
				COPY_PHASE_STRIP = NO;
			};
			name = MinSizeRel;
		};
/* End PBXBuildStyle section */

/* Begin PBXContainerItemProxy section */
		2503CD3C5A4449F6BD86C9DA /* PBXContainerItemProxy */ = {
			isa = PBXContainerItemProxy;
			containerPortal = 64CD6C7160B945D3AE378510 /* Project object */;
			proxyType = 1;
			remoteGlobalIDString = 3F820EA42B104332AEA00D87;
			remoteInfo = ZERO_CHECK;
		};
		5DE391438D2F48AAA9AFF011 /* PBXContainerItemProxy */ = {
			isa = PBXContainerItemProxy;
			containerPortal = 64CD6C7160B945D3AE378510 /* Project object */;
			proxyType = 1;
			remoteGlobalIDString = 3F820EA42B104332AEA00D87;
			remoteInfo = ZERO_CHECK;
		};
		911A1AF765524B41A02338BB /* PBXContainerItemProxy */ = {
			isa = PBXContainerItemProxy;
			containerPortal = 64CD6C7160B945D3AE378510 /* Project object */;
			proxyType = 1;
			remoteGlobalIDString = 68A7D3C299CE4CBCB83AA011;
			remoteInfo = Task5;
		};
/* End PBXContainerItemProxy section */

/* Begin PBXFileReference section */
		57CBA5C4BBFC464F83D3DD27 /* /Users/margaret/Desktop/student homework/Task5/Task5/CMakeLists.txt */ = {isa = PBXFileReference; explicitFileType = sourcecode.text; fileEncoding = 4; name = CMakeLists.txt; path = CMakeLists.txt; sourceTree = SOURCE_ROOT; };
		6423E48901B44806AA6D7FF0 /* /Users/margaret/Desktop/student homework/Task5/Task5/CMakeLists.txt */ = {isa = PBXFileReference; explicitFileType = sourcecode.text; fileEncoding = 4; name = CMakeLists.txt; path = CMakeLists.txt; sourceTree = SOURCE_ROOT; };
		74AE9C6606CB4D83898DBC45 /* /Users/margaret/Desktop/student homework/Task5/Task5/main.cpp */ = {isa = PBXFileReference; explicitFileType = sourcecode.cpp.cpp; fileEncoding = 4; name = main.cpp; path = main.cpp; sourceTree = SOURCE_ROOT; };
		B3FF9B32D6D54099A79E7FB7 /* Task5 */ = {isa = PBXFileReference; explicitFileType = "compiled.mach-o.executable"; path = Task5; sourceTree = BUILT_PRODUCTS_DIR; };
/* End PBXFileReference section */

/* Begin PBXFrameworksBuildPhase section */
		ED8858EFE2844CB0A298D153 /* Frameworks */ = {
			isa = PBXFrameworksBuildPhase;
			buildActionMask = 2147483647;
			files = (
			);
			runOnlyForDeploymentPostprocessing = 0;
		};
/* End PBXFrameworksBuildPhase section */

/* Begin PBXGroup section */
		1B34672B11EB44CE9637D808 /* ALL_BUILD */ = {
			isa = PBXGroup;
			children = (
				8C08BABD1D134669B4C486A3 /* CMake Rules */,
				6423E48901B44806AA6D7FF0 /* /Users/margaret/Desktop/student homework/Task5/Task5/CMakeLists.txt */,
			);
			name = ALL_BUILD;
			sourceTree = "<group>";
		};
		49C2FDE6891E4E8C95BDBADF /* Source Files */ = {
			isa = PBXGroup;
			children = (
				74AE9C6606CB4D83898DBC45 /* /Users/margaret/Desktop/student homework/Task5/Task5/main.cpp */,
			);
			name = "Source Files";
			sourceTree = "<group>";
		};
		878B0F95D53D415287E4EEFD /* Task5 */ = {
			isa = PBXGroup;
			children = (
				49C2FDE6891E4E8C95BDBADF /* Source Files */,
				57CBA5C4BBFC464F83D3DD27 /* /Users/margaret/Desktop/student homework/Task5/Task5/CMakeLists.txt */,
			);
			name = Task5;
			sourceTree = "<group>";
		};
		8C08BABD1D134669B4C486A3 /* CMake Rules */ = {
			isa = PBXGroup;
			children = (
			);
			name = "CMake Rules";
			sourceTree = "<group>";
		};
		989FB1374A3B43F7B5EAEAE7 /* Products */ = {
			isa = PBXGroup;
			children = (
				B3FF9B32D6D54099A79E7FB7 /* Task5 */,
			);
			name = Products;
			sourceTree = "<group>";
		};
		B3958800E19646E8893B8DE0 = {
			isa = PBXGroup;
			children = (
				878B0F95D53D415287E4EEFD /* Task5 */,
				1B34672B11EB44CE9637D808 /* ALL_BUILD */,
				989FB1374A3B43F7B5EAEAE7 /* Products */,
				CA406CAA7C0343939A2BB0C4 /* Frameworks */,
			);
			sourceTree = "<group>";
		};
		CA406CAA7C0343939A2BB0C4 /* Frameworks */ = {
			isa = PBXGroup;
			children = (
			);
			name = Frameworks;
			sourceTree = "<group>";
		};
/* End PBXGroup section */

/* Begin PBXNativeTarget section */
		68A7D3C299CE4CBCB83AA011 /* Task5 */ = {
			isa = PBXNativeTarget;
			buildConfigurationList = 48FA3CFBB8554F59803D8411 /* Build configuration list for PBXNativeTarget "Task5" */;
			buildPhases = (
				E0FBEAD5A8754BF39695E9BE /* Sources */,
				ED8858EFE2844CB0A298D153 /* Frameworks */,
			);
			buildRules = (
			);
			dependencies = (
				9161132296534A3F80AEE8CE /* PBXTargetDependency */,
			);
			name = Task5;
			productName = Task5;
			productReference = B3FF9B32D6D54099A79E7FB7 /* Task5 */;
			productType = "com.apple.product-type.tool";
		};
/* End PBXNativeTarget section */

/* Begin PBXProject section */
		64CD6C7160B945D3AE378510 /* Project object */ = {
			isa = PBXProject;
			attributes = {
				BuildIndependentTargetsInParallel = YES;
				LastUpgradeCheck = 1500;
			};
			buildConfigurationList = 37AD67231CB34C2AAE239ACF /* Build configuration list for PBXProject "Task5" */;
			buildSettings = {
			};
			buildStyles = (
				9FBD6833FEA64C879CFABE3C /* Debug */,
				721158CA555E45CDBF822336 /* Release */,
				F4752B04A7144E6F893D3FA4 /* MinSizeRel */,
				A31F816202F443C3982FE84F /* RelWithDebInfo */,
			);
			compatibilityVersion = "Xcode 3.2";
			hasScannedForEncodings = 0;
			mainGroup = B3958800E19646E8893B8DE0;
			projectDirPath = "/Users/margaret/Desktop/student homework/Task5/Task5";
			projectRoot = "";
			targets = (
				B102B7662C264E409BE20636 /* ALL_BUILD */,
				68A7D3C299CE4CBCB83AA011 /* Task5 */,
				3F820EA42B104332AEA00D87 /* ZERO_CHECK */,
			);
		};
/* End PBXProject section */

/* Begin PBXShellScriptBuildPhase section */
		2C0695AE373990BB2A6BC775 /* Generate CMakeFiles/ZERO_CHECK */ = {
			isa = PBXShellScriptBuildPhase;
			alwaysOutOfDate = 1;
			buildActionMask = 2147483647;
			files = (
			);
			inputPaths = (
			);
			name = "Generate CMakeFiles/ZERO_CHECK";
			outputPaths = (
"/Users/margaret/Desktop/student homework/Task5/CMakeFiles/ZERO_CHECK"			);
			runOnlyForDeploymentPostprocessing = 0;
			shellPath = /bin/sh;
			shellScript = "set -e
if test \"$CONFIGURATION\" = \"Debug\"; then :
  cd \"/Users/margaret/Desktop/student homework/Task5\"
  make -f /Users/margaret/Desktop/student\\ homework/Task5/CMakeScripts/ReRunCMake.make
fi
if test \"$CONFIGURATION\" = \"Release\"; then :
  cd \"/Users/margaret/Desktop/student homework/Task5\"
  make -f /Users/margaret/Desktop/student\\ homework/Task5/CMakeScripts/ReRunCMake.make
fi
if test \"$CONFIGURATION\" = \"MinSizeRel\"; then :
  cd \"/Users/margaret/Desktop/student homework/Task5\"
  make -f /Users/margaret/Desktop/student\\ homework/Task5/CMakeScripts/ReRunCMake.make
fi
if test \"$CONFIGURATION\" = \"RelWithDebInfo\"; then :
  cd \"/Users/margaret/Desktop/student homework/Task5\"
  make -f /Users/margaret/Desktop/student\\ homework/Task5/CMakeScripts/ReRunCMake.make
fi
";
			showEnvVarsInLog = 0;
		};
		3C0110FC8322DE7E50886E21 = {
			isa = PBXShellScriptBuildPhase;
			buildActionMask = 2147483647;
			files = (
			);
			inputPaths = (
			);
			outputPaths = (
			);
			runOnlyForDeploymentPostprocessing = 0;
			shellPath = /bin/sh;
			shellScript = "# shell script goes here
exit 0";
			showEnvVarsInLog = 0;
		};
		9B50530E35CC49C82C2FACCF = {
			isa = PBXShellScriptBuildPhase;
			buildActionMask = 2147483647;
			files = (
			);
			inputPaths = (
			);
			outputPaths = (
			);
			runOnlyForDeploymentPostprocessing = 0;
			shellPath = /bin/sh;
			shellScript = "# shell script goes here
exit 0";
			showEnvVarsInLog = 0;
		};
		C7698E02D83F6525DC5EDB98 /* Generate CMakeFiles/ALL_BUILD */ = {
			isa = PBXShellScriptBuildPhase;
			alwaysOutOfDate = 1;
			buildActionMask = 2147483647;
			files = (
			);
			inputPaths = (
			);
			name = "Generate CMakeFiles/ALL_BUILD";
			outputPaths = (
"/Users/margaret/Desktop/student homework/Task5/CMakeFiles/ALL_BUILD"			);
			runOnlyForDeploymentPostprocessing = 0;
			shellPath = /bin/sh;
			shellScript = "set -e
if test \"$CONFIGURATION\" = \"Debug\"; then :
  cd \"/Users/margaret/Desktop/student homework/Task5\"
  echo Build\\ all\\ projects
fi
if test \"$CONFIGURATION\" = \"Release\"; then :
  cd \"/Users/margaret/Desktop/student homework/Task5\"
  echo Build\\ all\\ projects
fi
if test \"$CONFIGURATION\" = \"MinSizeRel\"; then :
  cd \"/Users/margaret/Desktop/student homework/Task5\"
  echo Build\\ all\\ projects
fi
if test \"$CONFIGURATION\" = \"RelWithDebInfo\"; then :
  cd \"/Users/margaret/Desktop/student homework/Task5\"
  echo Build\\ all\\ projects
fi
";
			showEnvVarsInLog = 0;
		};
/* End PBXShellScriptBuildPhase section */

/* Begin PBXSourcesBuildPhase section */
		E0FBEAD5A8754BF39695E9BE /* Sources */ = {
			isa = PBXSourcesBuildPhase;
			buildActionMask = 2147483647;
			files = (
				3FE2603EA7B5414D833E9CA3 /* /Users/margaret/Desktop/student homework/Task5/Task5/main.cpp */,
			);
			runOnlyForDeploymentPostprocessing = 0;
		};
/* End PBXSourcesBuildPhase section */

/* Begin PBXTargetDependency section */
		2F5B9D80F321457E827C9369 /* PBXTargetDependency */ = {
			isa = PBXTargetDependency;
			target = 68A7D3C299CE4CBCB83AA011 /* Task5 */;
			targetProxy = 911A1AF765524B41A02338BB /* PBXContainerItemProxy */;
		};
		9161132296534A3F80AEE8CE /* PBXTargetDependency */ = {
			isa = PBXTargetDependency;
			target = 3F820EA42B104332AEA00D87 /* ZERO_CHECK */;
			targetProxy = 5DE391438D2F48AAA9AFF011 /* PBXContainerItemProxy */;
		};
		AF6860216B3B49578EB38676 /* PBXTargetDependency */ = {
			isa = PBXTargetDependency;
			target = 3F820EA42B104332AEA00D87 /* ZERO_CHECK */;
			targetProxy = 2503CD3C5A4449F6BD86C9DA /* PBXContainerItemProxy */;
		};
/* End PBXTargetDependency section */

/* Begin XCBuildConfiguration section */
		071E658D640B4934A74F32BA /* Debug */ = {
			isa = XCBuildConfiguration;
			buildSettings = {
				ALWAYS_SEARCH_USER_PATHS = NO;
				ARCHS = arm64;
				COMBINE_HIDPI_IMAGES = YES;
				GCC_GENERATE_DEBUGGING_SYMBOLS = YES;
				GCC_INLINES_ARE_PRIVATE_EXTERN = NO;
				GCC_OPTIMIZATION_LEVEL = 0;
				GCC_PREPROCESSOR_DEFINITIONS = ("'CMAKE_INTDIR=\"$(CONFIGURATION)$(EFFECTIVE_PLATFORM_NAME)\"'","$(inherited)");
				GCC_SYMBOLS_PRIVATE_EXTERN = NO;
				INSTALL_PATH = "";
				ONLY_ACTIVE_ARCH = NO;
				OTHER_LDFLAGS = ("","$(inherited)");
				OTHER_REZFLAGS = "";
				PRODUCT_NAME = ALL_BUILD;
				SECTORDER_FLAGS = "";
				USE_HEADERMAP = NO;
				WARNING_CFLAGS = ("$(inherited)");
			};
			name = Debug;
		};
		1A86FEB60AE74CB7BCD571C3 /* MinSizeRel */ = {
			isa = XCBuildConfiguration;
			buildSettings = {
				ALWAYS_SEARCH_USER_PATHS = NO;
				ARCHS = arm64;
				COMBINE_HIDPI_IMAGES = YES;
				GCC_GENERATE_DEBUGGING_SYMBOLS = YES;
				GCC_INLINES_ARE_PRIVATE_EXTERN = NO;
				GCC_OPTIMIZATION_LEVEL = 0;
				GCC_PREPROCESSOR_DEFINITIONS = ("'CMAKE_INTDIR=\"$(CONFIGURATION)$(EFFECTIVE_PLATFORM_NAME)\"'","$(inherited)");
				GCC_SYMBOLS_PRIVATE_EXTERN = NO;
				INSTALL_PATH = "";
				ONLY_ACTIVE_ARCH = NO;
				OTHER_LDFLAGS = ("","$(inherited)");
				OTHER_REZFLAGS = "";
				PRODUCT_NAME = ZERO_CHECK;
				SECTORDER_FLAGS = "";
				USE_HEADERMAP = NO;
				WARNING_CFLAGS = ("$(inherited)");
			};
			name = MinSizeRel;
		};
		2C6CEEEABCB545B9891AE9A2 /* Debug */ = {
			isa = XCBuildConfiguration;
			buildSettings = {
				ALWAYS_SEARCH_USER_PATHS = NO;
				ARCHS = arm64;
				COMBINE_HIDPI_IMAGES = YES;
				GCC_GENERATE_DEBUGGING_SYMBOLS = YES;
				GCC_INLINES_ARE_PRIVATE_EXTERN = NO;
				GCC_OPTIMIZATION_LEVEL = 0;
				GCC_PREPROCESSOR_DEFINITIONS = ("'CMAKE_INTDIR=\"$(CONFIGURATION)$(EFFECTIVE_PLATFORM_NAME)\"'","$(inherited)");
				GCC_SYMBOLS_PRIVATE_EXTERN = NO;
				INSTALL_PATH = "";
				ONLY_ACTIVE_ARCH = NO;
				OTHER_LDFLAGS = ("","$(inherited)");
				OTHER_REZFLAGS = "";
				PRODUCT_NAME = ZERO_CHECK;
				SECTORDER_FLAGS = "";
				USE_HEADERMAP = NO;
				WARNING_CFLAGS = ("$(inherited)");
			};
			name = Debug;
		};
		2E7A3C35B4FB4499858C0F11 /* RelWithDebInfo */ = {
			isa = XCBuildConfiguration;
			buildSettings = {
				ALWAYS_SEARCH_USER_PATHS = NO;
				ARCHS = arm64;
				COMBINE_HIDPI_IMAGES = YES;
				GCC_GENERATE_DEBUGGING_SYMBOLS = YES;
				GCC_INLINES_ARE_PRIVATE_EXTERN = NO;
				GCC_OPTIMIZATION_LEVEL = 0;
				GCC_PREPROCESSOR_DEFINITIONS = ("'CMAKE_INTDIR=\"$(CONFIGURATION)$(EFFECTIVE_PLATFORM_NAME)\"'","$(inherited)");
				GCC_SYMBOLS_PRIVATE_EXTERN = NO;
				INSTALL_PATH = "";
				ONLY_ACTIVE_ARCH = NO;
				OTHER_LDFLAGS = ("","$(inherited)");
				OTHER_REZFLAGS = "";
				PRODUCT_NAME = ZERO_CHECK;
				SECTORDER_FLAGS = "";
				USE_HEADERMAP = NO;
				WARNING_CFLAGS = ("$(inherited)");
			};
			name = RelWithDebInfo;
		};
		33FA1A398EE94A89AB9FACFD /* RelWithDebInfo */ = {
			isa = XCBuildConfiguration;
			buildSettings = {
				ARCHS = arm64;
				SDKROOT = /Applications/Xcode.app/Contents/Developer/Platforms/MacOSX.platform/Developer/SDKs/MacOSX14.0.sdk;
				SWIFT_COMPILATION_MODE = wholemodule;
				SYMROOT = "/Users/margaret/Desktop/student homework/Task5/build";
			};
			name = RelWithDebInfo;
		};
		38CE3268435B465C816DAD33 /* RelWithDebInfo */ = {
			isa = XCBuildConfiguration;
			buildSettings = {
				ALWAYS_SEARCH_USER_PATHS = NO;
				ARCHS = arm64;
				COMBINE_HIDPI_IMAGES = YES;
				GCC_GENERATE_DEBUGGING_SYMBOLS = YES;
				GCC_INLINES_ARE_PRIVATE_EXTERN = NO;
				GCC_OPTIMIZATION_LEVEL = 0;
				GCC_PREPROCESSOR_DEFINITIONS = ("'CMAKE_INTDIR=\"$(CONFIGURATION)$(EFFECTIVE_PLATFORM_NAME)\"'","$(inherited)");
				GCC_SYMBOLS_PRIVATE_EXTERN = NO;
				INSTALL_PATH = "";
				ONLY_ACTIVE_ARCH = NO;
				OTHER_LDFLAGS = ("","$(inherited)");
				OTHER_REZFLAGS = "";
				PRODUCT_NAME = ALL_BUILD;
				SECTORDER_FLAGS = "";
				USE_HEADERMAP = NO;
				WARNING_CFLAGS = ("$(inherited)");
			};
			name = RelWithDebInfo;
		};
		44B71D0F3B3744F382646F69 /* MinSizeRel */ = {
			isa = XCBuildConfiguration;
			buildSettings = {
				ARCHS = arm64;
				SDKROOT = /Applications/Xcode.app/Contents/Developer/Platforms/MacOSX.platform/Developer/SDKs/MacOSX14.0.sdk;
				SWIFT_COMPILATION_MODE = wholemodule;
				SYMROOT = "/Users/margaret/Desktop/student homework/Task5/build";
			};
			name = MinSizeRel;
		};
		5FD09E73A5E149059F553825 /* Debug */ = {
			isa = XCBuildConfiguration;
			buildSettings = {
				ALWAYS_SEARCH_USER_PATHS = NO;
				ARCHS = arm64;
				COMBINE_HIDPI_IMAGES = YES;
				CONFIGURATION_BUILD_DIR = "/Users/margaret/Desktop/student homework/Task5/Debug";
				EXECUTABLE_PREFIX = "";
				EXECUTABLE_SUFFIX = "";
				GCC_GENERATE_DEBUGGING_SYMBOLS = YES;
				GCC_INLINES_ARE_PRIVATE_EXTERN = NO;
				GCC_OPTIMIZATION_LEVEL = 0;
				GCC_PREPROCESSOR_DEFINITIONS = ("'CMAKE_INTDIR=\"$(CONFIGURATION)$(EFFECTIVE_PLATFORM_NAME)\"'","$(inherited)");
				GCC_SYMBOLS_PRIVATE_EXTERN = NO;
				INSTALL_PATH = "";
				ONLY_ACTIVE_ARCH = NO;
				OTHER_CPLUSPLUSFLAGS = "   '-std=gnu++20' ";
				OTHER_LDFLAGS = (" -Wl,-search_paths_first -Wl,-headerpad_max_install_names","/opt/homebrew/lib/postgresql@14/libpq.dylib",/opt/homebrew/Cellar/libpqxx/7.9.0/lib/libpqxx.dylib,"$(inherited)");
				OTHER_REZFLAGS = "";
				PRODUCT_NAME = Task5;
				SECTORDER_FLAGS = "";
				SYSTEM_HEADER_SEARCH_PATHS = (/opt/homebrew/Cellar/libpqxx/7.9.0/include,"/opt/homebrew/include/postgresql@14","/opt/homebrew/include/postgresql@14/server","$(inherited)");
				TARGET_TEMP_DIR = "/Users/margaret/Desktop/student homework/Task5/build/Task5.build/$(CONFIGURATION)$(EFFECTIVE_PLATFORM_NAME)";
				USE_HEADERMAP = NO;
				WARNING_CFLAGS = ("$(inherited)");
			};
			name = Debug;
		};
		94D42B16EC8C4E7383516991 /* MinSizeRel */ = {
			isa = XCBuildConfiguration;
			buildSettings = {
				ALWAYS_SEARCH_USER_PATHS = NO;
				ARCHS = arm64;
				COMBINE_HIDPI_IMAGES = YES;
				CONFIGURATION_BUILD_DIR = "/Users/margaret/Desktop/student homework/Task5/MinSizeRel";
				EXECUTABLE_PREFIX = "";
				EXECUTABLE_SUFFIX = "";
				GCC_GENERATE_DEBUGGING_SYMBOLS = NO;
				GCC_INLINES_ARE_PRIVATE_EXTERN = NO;
				GCC_OPTIMIZATION_LEVEL = s;
				GCC_PREPROCESSOR_DEFINITIONS = ("'CMAKE_INTDIR=\"$(CONFIGURATION)$(EFFECTIVE_PLATFORM_NAME)\"'","$(inherited)");
				GCC_SYMBOLS_PRIVATE_EXTERN = NO;
				INSTALL_PATH = "";
				ONLY_ACTIVE_ARCH = NO;
				OTHER_CPLUSPLUSFLAGS = "    -DNDEBUG '-std=gnu++20' ";
				OTHER_LDFLAGS = (" -Wl,-search_paths_first -Wl,-headerpad_max_install_names","/opt/homebrew/lib/postgresql@14/libpq.dylib",/opt/homebrew/Cellar/libpqxx/7.9.0/lib/libpqxx.dylib,"$(inherited)");
				OTHER_REZFLAGS = "";
				PRODUCT_NAME = Task5;
				SECTORDER_FLAGS = "";
				SYSTEM_HEADER_SEARCH_PATHS = (/opt/homebrew/Cellar/libpqxx/7.9.0/include,"/opt/homebrew/include/postgresql@14","/opt/homebrew/include/postgresql@14/server","$(inherited)");
				TARGET_TEMP_DIR = "/Users/margaret/Desktop/student homework/Task5/build/Task5.build/$(CONFIGURATION)$(EFFECTIVE_PLATFORM_NAME)";
				USE_HEADERMAP = NO;
				WARNING_CFLAGS = ("$(inherited)");
			};
			name = MinSizeRel;
		};
		A2B4B764606A4D8FA2EDE81F /* Debug */ = {
			isa = XCBuildConfiguration;
			buildSettings = {
				ARCHS = arm64;
				SDKROOT = /Applications/Xcode.app/Contents/Developer/Platforms/MacOSX.platform/Developer/SDKs/MacOSX14.0.sdk;
				SYMROOT = "/Users/margaret/Desktop/student homework/Task5/build";
			};
			name = Debug;
		};
		A3FFFC1095454B3F95D70F82 /* Release */ = {
			isa = XCBuildConfiguration;
			buildSettings = {
				ARCHS = arm64;
				SDKROOT = /Applications/Xcode.app/Contents/Developer/Platforms/MacOSX.platform/Developer/SDKs/MacOSX14.0.sdk;
				SWIFT_COMPILATION_MODE = wholemodule;
				SYMROOT = "/Users/margaret/Desktop/student homework/Task5/build";
			};
			name = Release;
		};
		BC80EE5E3322410FB7F74EF0 /* Release */ = {
			isa = XCBuildConfiguration;
			buildSettings = {
				ALWAYS_SEARCH_USER_PATHS = NO;
				ARCHS = arm64;
				COMBINE_HIDPI_IMAGES = YES;
				GCC_GENERATE_DEBUGGING_SYMBOLS = YES;
				GCC_INLINES_ARE_PRIVATE_EXTERN = NO;
				GCC_OPTIMIZATION_LEVEL = 0;
				GCC_PREPROCESSOR_DEFINITIONS = ("'CMAKE_INTDIR=\"$(CONFIGURATION)$(EFFECTIVE_PLATFORM_NAME)\"'","$(inherited)");
				GCC_SYMBOLS_PRIVATE_EXTERN = NO;
				INSTALL_PATH = "";
				ONLY_ACTIVE_ARCH = NO;
				OTHER_LDFLAGS = ("","$(inherited)");
				OTHER_REZFLAGS = "";
				PRODUCT_NAME = ZERO_CHECK;
				SECTORDER_FLAGS = "";
				USE_HEADERMAP = NO;
				WARNING_CFLAGS = ("$(inherited)");
			};
			name = Release;
		};
		CE51CE60E9254A1DAFD13753 /* MinSizeRel */ = {
			isa = XCBuildConfiguration;
			buildSettings = {
				ALWAYS_SEARCH_USER_PATHS = NO;
				ARCHS = arm64;
				COMBINE_HIDPI_IMAGES = YES;
				GCC_GENERATE_DEBUGGING_SYMBOLS = YES;
				GCC_INLINES_ARE_PRIVATE_EXTERN = NO;
				GCC_OPTIMIZATION_LEVEL = 0;
				GCC_PREPROCESSOR_DEFINITIONS = ("'CMAKE_INTDIR=\"$(CONFIGURATION)$(EFFECTIVE_PLATFORM_NAME)\"'","$(inherited)");
				GCC_SYMBOLS_PRIVATE_EXTERN = NO;
				INSTALL_PATH = "";
				ONLY_ACTIVE_ARCH = NO;
				OTHER_LDFLAGS = ("","$(inherited)");
				OTHER_REZFLAGS = "";
				PRODUCT_NAME = ALL_BUILD;
				SECTORDER_FLAGS = "";
				USE_HEADERMAP = NO;
				WARNING_CFLAGS = ("$(inherited)");
			};
			name = MinSizeRel;
		};
		D9903D047E2B4B20A3138309 /* Release */ = {
			isa = XCBuildConfiguration;
			buildSettings = {
				ALWAYS_SEARCH_USER_PATHS = NO;
				ARCHS = arm64;
				COMBINE_HIDPI_IMAGES = YES;
				GCC_GENERATE_DEBUGGING_SYMBOLS = YES;
				GCC_INLINES_ARE_PRIVATE_EXTERN = NO;
				GCC_OPTIMIZATION_LEVEL = 0;
				GCC_PREPROCESSOR_DEFINITIONS = ("'CMAKE_INTDIR=\"$(CONFIGURATION)$(EFFECTIVE_PLATFORM_NAME)\"'","$(inherited)");
				GCC_SYMBOLS_PRIVATE_EXTERN = NO;
				INSTALL_PATH = "";
				ONLY_ACTIVE_ARCH = NO;
				OTHER_LDFLAGS = ("","$(inherited)");
				OTHER_REZFLAGS = "";
				PRODUCT_NAME = ALL_BUILD;
				SECTORDER_FLAGS = "";
				USE_HEADERMAP = NO;
				WARNING_CFLAGS = ("$(inherited)");
			};
			name = Release;
		};
		E1415DA747394588A09798E6 /* Release */ = {
			isa = XCBuildConfiguration;
			buildSettings = {
				ALWAYS_SEARCH_USER_PATHS = NO;
				ARCHS = arm64;
				COMBINE_HIDPI_IMAGES = YES;
				CONFIGURATION_BUILD_DIR = "/Users/margaret/Desktop/student homework/Task5/Release";
				EXECUTABLE_PREFIX = "";
				EXECUTABLE_SUFFIX = "";
				GCC_GENERATE_DEBUGGING_SYMBOLS = NO;
				GCC_INLINES_ARE_PRIVATE_EXTERN = NO;
				GCC_OPTIMIZATION_LEVEL = 3;
				GCC_PREPROCESSOR_DEFINITIONS = ("'CMAKE_INTDIR=\"$(CONFIGURATION)$(EFFECTIVE_PLATFORM_NAME)\"'","$(inherited)");
				GCC_SYMBOLS_PRIVATE_EXTERN = NO;
				INSTALL_PATH = "";
				ONLY_ACTIVE_ARCH = NO;
				OTHER_CPLUSPLUSFLAGS = "    -DNDEBUG '-std=gnu++20' ";
				OTHER_LDFLAGS = (" -Wl,-search_paths_first -Wl,-headerpad_max_install_names","/opt/homebrew/lib/postgresql@14/libpq.dylib",/opt/homebrew/Cellar/libpqxx/7.9.0/lib/libpqxx.dylib,"$(inherited)");
				OTHER_REZFLAGS = "";
				PRODUCT_NAME = Task5;
				SECTORDER_FLAGS = "";
				SYSTEM_HEADER_SEARCH_PATHS = (/opt/homebrew/Cellar/libpqxx/7.9.0/include,"/opt/homebrew/include/postgresql@14","/opt/homebrew/include/postgresql@14/server","$(inherited)");
				TARGET_TEMP_DIR = "/Users/margaret/Desktop/student homework/Task5/build/Task5.build/$(CONFIGURATION)$(EFFECTIVE_PLATFORM_NAME)";
				USE_HEADERMAP = NO;
				WARNING_CFLAGS = ("$(inherited)");
			};
			name = Release;
		};
		F3BA566DB44640BAA3044EF1 /* RelWithDebInfo */ = {
			isa = XCBuildConfiguration;
			buildSettings = {
				ALWAYS_SEARCH_USER_PATHS = NO;
				ARCHS = arm64;
				COMBINE_HIDPI_IMAGES = YES;
				CONFIGURATION_BUILD_DIR = "/Users/margaret/Desktop/student homework/Task5/RelWithDebInfo";
				EXECUTABLE_PREFIX = "";
				EXECUTABLE_SUFFIX = "";
				GCC_GENERATE_DEBUGGING_SYMBOLS = YES;
				GCC_INLINES_ARE_PRIVATE_EXTERN = NO;
				GCC_OPTIMIZATION_LEVEL = 2;
				GCC_PREPROCESSOR_DEFINITIONS = ("'CMAKE_INTDIR=\"$(CONFIGURATION)$(EFFECTIVE_PLATFORM_NAME)\"'","$(inherited)");
				GCC_SYMBOLS_PRIVATE_EXTERN = NO;
				INSTALL_PATH = "";
				ONLY_ACTIVE_ARCH = NO;
				OTHER_CPLUSPLUSFLAGS = "       -DNDEBUG '-std=gnu++20' ";
				OTHER_LDFLAGS = (" -Wl,-search_paths_first -Wl,-headerpad_max_install_names","/opt/homebrew/lib/postgresql@14/libpq.dylib",/opt/homebrew/Cellar/libpqxx/7.9.0/lib/libpqxx.dylib,"$(inherited)");
				OTHER_REZFLAGS = "";
				PRODUCT_NAME = Task5;
				SECTORDER_FLAGS = "";
				SYSTEM_HEADER_SEARCH_PATHS = (/opt/homebrew/Cellar/libpqxx/7.9.0/include,"/opt/homebrew/include/postgresql@14","/opt/homebrew/include/postgresql@14/server","$(inherited)");
				TARGET_TEMP_DIR = "/Users/margaret/Desktop/student homework/Task5/build/Task5.build/$(CONFIGURATION)$(EFFECTIVE_PLATFORM_NAME)";
				USE_HEADERMAP = NO;
				WARNING_CFLAGS = ("$(inherited)");
			};
			name = RelWithDebInfo;
		};
/* End XCBuildConfiguration section */

/* Begin XCConfigurationList section */
		0C093C3E19974CB1B429CD73 /* Build configuration list for PBXAggregateTarget "ALL_BUILD" */ = {
			isa = XCConfigurationList;
			buildConfigurations = (
				071E658D640B4934A74F32BA /* Debug */,
				D9903D047E2B4B20A3138309 /* Release */,
				CE51CE60E9254A1DAFD13753 /* MinSizeRel */,
				38CE3268435B465C816DAD33 /* RelWithDebInfo */,
			);
			defaultConfigurationIsVisible = 0;
			defaultConfigurationName = Debug;
		};
		3046AB121AA94EA890A9B4BF /* Build configuration list for PBXAggregateTarget "ZERO_CHECK" */ = {
			isa = XCConfigurationList;
			buildConfigurations = (
				2C6CEEEABCB545B9891AE9A2 /* Debug */,
				BC80EE5E3322410FB7F74EF0 /* Release */,
				1A86FEB60AE74CB7BCD571C3 /* MinSizeRel */,
				2E7A3C35B4FB4499858C0F11 /* RelWithDebInfo */,
			);
			defaultConfigurationIsVisible = 0;
			defaultConfigurationName = Debug;
		};
		37AD67231CB34C2AAE239ACF /* Build configuration list for PBXProject "Task5" */ = {
			isa = XCConfigurationList;
			buildConfigurations = (
				A2B4B764606A4D8FA2EDE81F /* Debug */,
				A3FFFC1095454B3F95D70F82 /* Release */,
				44B71D0F3B3744F382646F69 /* MinSizeRel */,
				33FA1A398EE94A89AB9FACFD /* RelWithDebInfo */,
			);
			defaultConfigurationIsVisible = 0;
			defaultConfigurationName = Debug;
		};
		48FA3CFBB8554F59803D8411 /* Build configuration list for PBXNativeTarget "Task5" */ = {
			isa = XCConfigurationList;
			buildConfigurations = (
				5FD09E73A5E149059F553825 /* Debug */,
				E1415DA747394588A09798E6 /* Release */,
				94D42B16EC8C4E7383516991 /* MinSizeRel */,
				F3BA566DB44640BAA3044EF1 /* RelWithDebInfo */,
			);
			defaultConfigurationIsVisible = 0;
			defaultConfigurationName = Debug;
		};
/* End XCConfigurationList section */
	};
	rootObject = 64CD6C7160B945D3AE378510 /* Project object */;
}
